{
  "name": "playground",
  "version": "1.0.0",
  "lockfileVersion": 1,
  "requires": true,
  "dependencies": {
    "angular": {
      "version": "1.8.3",
      "resolved": "https://registry.npmjs.org/angular/-/angular-1.8.3.tgz",
      "integrity": "sha512-5qjkWIQQVsHj4Sb5TcEs4WZWpFeVFHXwxEBHUhrny41D8UrBAd6T/6nPPAsLngJCReIOqi95W3mxdveveutpZw=="
    },
    "angular-route": {
      "version": "1.7.0",
      "resolved": "https://registry.npmjs.org/angular-route/-/angular-route-1.7.0.tgz",
      "integrity": "sha512-uljEHpNRt5++GWwvAe+33dTuBuLh7mpxPU3lnwb/DFxvcNpPPcS8jImXzWQc2tPi/S6hGPovhMqjxmJIG8kz0A=="
    }
  }
}
